
Microsoft Visual Studio Solution File, Format Version 12.00
# Visual Studio 15
VisualStudioVersion = 15.0.28307.329
MinimumVisualStudioVersion = 10.0.40219.1
Project("{FAE04EC0-301F-11D3-BF4B-00C04F79EFBC}") = "FizzBuzz", "FizzBuzz\FizzBuzz.csproj", "{3B762B1A-5AE0-4920-93E0-53952C090E16}"
EndProject
Project("{FAE04EC0-301F-11D3-BF4B-00C04F79EFBC}") = "FizzBuzz.Library", "FizzBuzz.Library\FizzBuzz.Library.csproj", "{82ED1148-9D6D-49BC-A71D-D5DAB59CB0E6}"
EndProject
Project("{FAE04EC0-301F-11D3-BF4B-00C04F79EFBC}") = "FizzBuzz.Library.Test", "FizzBuzz.Library.Test\FizzBuzz.Library.Test.csproj", "{3DBDFE3C-94E1-41C5-B428-6B498A05EFEA}"
EndProject
Global
	GlobalSection(SolutionConfigurationPlatforms) = preSolution
		Debug|Any CPU = Debug|Any CPU
		Release|Any CPU = Release|Any CPU
	EndGlobalSection
	GlobalSection(ProjectConfigurationPlatforms) = postSolution
		{3B762B1A-5AE0-4920-93E0-53952C090E16}.Debug|Any CPU.ActiveCfg = Debug|Any CPU
		{3B762B1A-5AE0-4920-93E0-53952C090E16}.Debug|Any CPU.Build.0 = Debug|Any CPU
		{3B762B1A-5AE0-4920-93E0-53952C090E16}.Release|Any CPU.ActiveCfg = Release|Any CPU
		{3B762B1A-5AE0-4920-93E0-53952C090E16}.Release|Any CPU.Build.0 = Release|Any CPU
		{82ED1148-9D6D-49BC-A71D-D5DAB59CB0E6}.Debug|Any CPU.ActiveCfg = Debug|Any CPU
		{82ED1148-9D6D-49BC-A71D-D5DAB59CB0E6}.Debug|Any CPU.Build.0 = Debug|Any CPU
		{82ED1148-9D6D-49BC-A71D-D5DAB59CB0E6}.Release|Any CPU.ActiveCfg = Release|Any CPU
		{82ED1148-9D6D-49BC-A71D-D5DAB59CB0E6}.Release|Any CPU.Build.0 = Release|Any CPU
		{3DBDFE3C-94E1-41C5-B428-6B498A05EFEA}.Debug|Any CPU.ActiveCfg = Debug|Any CPU
		{3DBDFE3C-94E1-41C5-B428-6B498A05EFEA}.Debug|Any CPU.Build.0 = Debug|Any CPU
		{3DBDFE3C-94E1-41C5-B428-6B498A05EFEA}.Release|Any CPU.ActiveCfg = Release|Any CPU
		{3DBDFE3C-94E1-41C5-B428-6B498A05EFEA}.Release|Any CPU.Build.0 = Release|Any CPU
	EndGlobalSection
	GlobalSection(SolutionProperties) = preSolution
		HideSolutionNode = FALSE
	EndGlobalSection
	GlobalSection(ExtensibilityGlobals) = postSolution
		SolutionGuid = {47B6854E-6B27-480F-855F-1D1E2C95140E}
	EndGlobalSection
EndGlobal
