
Microsoft Visual Studio Solution File, Format Version 12.00
# Visual Studio 15
VisualStudioVersion = 15.0.28307.329
MinimumVisualStudioVersion = 10.0.40219.1
Project("{FAE04EC0-301F-11D3-BF4B-00C04F79EFBC}") = "MaineClasse", "MaineClasse\MaineClasse.csproj", "{BDB927C2-75FD-4DD3-81D5-7AABF84648A3}"
EndProject
Project("{FAE04EC0-301F-11D3-BF4B-00C04F79EFBC}") = "MaineClasseTest", "MaineClasseTest\MaineClasseTest.csproj", "{8F1C45FF-0957-400A-A8BA-8E58C14E4F66}"
EndProject
Global
	GlobalSection(SolutionConfigurationPlatforms) = preSolution
		Debug|Any CPU = Debug|Any CPU
		Release|Any CPU = Release|Any CPU
	EndGlobalSection
	GlobalSection(ProjectConfigurationPlatforms) = postSolution
		{BDB927C2-75FD-4DD3-81D5-7AABF84648A3}.Debug|Any CPU.ActiveCfg = Debug|Any CPU
		{BDB927C2-75FD-4DD3-81D5-7AABF84648A3}.Debug|Any CPU.Build.0 = Debug|Any CPU
		{BDB927C2-75FD-4DD3-81D5-7AABF84648A3}.Release|Any CPU.ActiveCfg = Release|Any CPU
		{BDB927C2-75FD-4DD3-81D5-7AABF84648A3}.Release|Any CPU.Build.0 = Release|Any CPU
		{8F1C45FF-0957-400A-A8BA-8E58C14E4F66}.Debug|Any CPU.ActiveCfg = Debug|Any CPU
		{8F1C45FF-0957-400A-A8BA-8E58C14E4F66}.Debug|Any CPU.Build.0 = Debug|Any CPU
		{8F1C45FF-0957-400A-A8BA-8E58C14E4F66}.Release|Any CPU.ActiveCfg = Release|Any CPU
		{8F1C45FF-0957-400A-A8BA-8E58C14E4F66}.Release|Any CPU.Build.0 = Release|Any CPU
	EndGlobalSection
	GlobalSection(SolutionProperties) = preSolution
		HideSolutionNode = FALSE
	EndGlobalSection
	GlobalSection(ExtensibilityGlobals) = postSolution
		SolutionGuid = {37260645-D03F-441C-9910-22289DE01434}
	EndGlobalSection
EndGlobal
