
Microsoft Visual Studio Solution File, Format Version 12.00
# Visual Studio 15
VisualStudioVersion = 15.0.28307.329
MinimumVisualStudioVersion = 10.0.40219.1
Project("{FAE04EC0-301F-11D3-BF4B-00C04F79EFBC}") = "AssemblyInfo.cs", "AssemblyInfo.cs\AssemblyInfo.cs.csproj", "{1055E97D-4834-4A42-BFE0-06B7795AE4CD}"
EndProject
Global
	GlobalSection(SolutionConfigurationPlatforms) = preSolution
		Debug|Any CPU = Debug|Any CPU
		Release|Any CPU = Release|Any CPU
	EndGlobalSection
	GlobalSection(ProjectConfigurationPlatforms) = postSolution
		{1055E97D-4834-4A42-BFE0-06B7795AE4CD}.Debug|Any CPU.ActiveCfg = Debug|Any CPU
		{1055E97D-4834-4A42-BFE0-06B7795AE4CD}.Debug|Any CPU.Build.0 = Debug|Any CPU
		{1055E97D-4834-4A42-BFE0-06B7795AE4CD}.Release|Any CPU.ActiveCfg = Release|Any CPU
		{1055E97D-4834-4A42-BFE0-06B7795AE4CD}.Release|Any CPU.Build.0 = Release|Any CPU
	EndGlobalSection
	GlobalSection(SolutionProperties) = preSolution
		HideSolutionNode = FALSE
	EndGlobalSection
	GlobalSection(ExtensibilityGlobals) = postSolution
		SolutionGuid = {3F402044-A4CF-48F0-8A3F-6F298BA237FC}
	EndGlobalSection
EndGlobal
